// !$*UTF8*$!
{
	archiveVersion = 1;
	classes = {
	};
	objectVersion = 46;
	objects = {

/* Begin PBXBuildFile section */
		8E3CCDA51C23DDE600A859FB /* AppDelegate.swift in Sources */ = {isa = PBXBuildFile; fileRef = 8E3CCDA41C23DDE600A859FB /* AppDelegate.swift */; };
		8E3CCDA71C23DDE600A859FB /* ViewController.swift in Sources */ = {isa = PBXBuildFile; fileRef = 8E3CCDA61C23DDE600A859FB /* ViewController.swift */; };
		8E3CCDAA1C23DDE600A859FB /* Main.storyboard in Resources */ = {isa = PBXBuildFile; fileRef = 8E3CCDA81C23DDE600A859FB /* Main.storyboard */; };
		8E3CCDAC1C23DDE600A859FB /* Assets.xcassets in Resources */ = {isa = PBXBuildFile; fileRef = 8E3CCDAB1C23DDE600A859FB /* Assets.xcassets */; };
		8E3CCDAF1C23DDE600A859FB /* LaunchScreen.storyboard in Resources */ = {isa = PBXBuildFile; fileRef = 8E3CCDAD1C23DDE600A859FB /* LaunchScreen.storyboard */; };
		8E3CCDB81C23DEE000A859FB /* UITextField+History.swift in Sources */ = {isa = PBXBuildFile; fileRef = 8E3CCDB71C23DEE000A859FB /* UITextField+History.swift */; };
/* End PBXBuildFile section */

/* Begin PBXFileReference section */
		8E3CCDA11C23DDE600A859FB /* Example.app */ = {isa = PBXFileReference; explicitFileType = wrapper.application; includeInIndex = 0; path = Example.app; sourceTree = BUILT_PRODUCTS_DIR; };
		8E3CCDA41C23DDE600A859FB /* AppDelegate.swift */ = {isa = PBXFileReference; lastKnownFileType = sourcecode.swift; path = AppDelegate.swift; sourceTree = "<group>"; };
		8E3CCDA61C23DDE600A859FB /* ViewController.swift */ = {isa = PBXFileReference; lastKnownFileType = sourcecode.swift; path = ViewController.swift; sourceTree = "<group>"; };
		8E3CCDA91C23DDE600A859FB /* Base */ = {isa = PBXFileReference; lastKnownFileType = file.storyboard; name = Base; path = Base.lproj/Main.storyboard; sourceTree = "<group>"; };
		8E3CCDAB1C23DDE600A859FB /* Assets.xcassets */ = {isa = PBXFileReference; lastKnownFileType = folder.assetcatalog; path = Assets.xcassets; sourceTree = "<group>"; };
		8E3CCDAE1C23DDE600A859FB /* Base */ = {isa = PBXFileReference; lastKnownFileType = file.storyboard; name = Base; path = Base.lproj/LaunchScreen.storyboard; sourceTree = "<group>"; };
		8E3CCDB01C23DDE600A859FB /* Info.plist */ = {isa = PBXFileReference; lastKnownFileType = text.plist.xml; path = Info.plist; sourceTree = "<group>"; };
		8E3CCDB71C23DEE000A859FB /* UITextField+History.swift */ = {isa = PBXFileReference; fileEncoding = 4; lastKnownFileType = sourcecode.swift; path = "UITextField+History.swift"; sourceTree = "<group>"; };
/* End PBXFileReference section */

/* Begin PBXFrameworksBuildPhase section */
		8E3CCD9E1C23DDE500A859FB /* Frameworks */ = {
			isa = PBXFrameworksBuildPhase;
			buildActionMask = 2147483647;
			files = (
			);
			runOnlyForDeploymentPostprocessing = 0;
		};
/* End PBXFrameworksBuildPhase section */

/* Begin PBXGroup section */
		8E3CCD981C23DDE500A859FB = {
			isa = PBXGroup;
			children = (
				8E3CCDB61C23DEB500A859FB /* Source */,
				8E3CCDA31C23DDE600A859FB /* Example */,
				8E3CCDA21C23DDE600A859FB /* Products */,
			);
			sourceTree = "<group>";
		};
		8E3CCDA21C23DDE600A859FB /* Products */ = {
			isa = PBXGroup;
			children = (
				8E3CCDA11C23DDE600A859FB /* Example.app */,
			);
			name = Products;
			sourceTree = "<group>";
		};
		8E3CCDA31C23DDE600A859FB /* Example */ = {
			isa = PBXGroup;
			children = (
				8E3CCDA41C23DDE600A859FB /* AppDelegate.swift */,
				8E3CCDA61C23DDE600A859FB /* ViewController.swift */,
				8E3CCDA81C23DDE600A859FB /* Main.storyboard */,
				8E3CCDAB1C23DDE600A859FB /* Assets.xcassets */,
				8E3CCDAD1C23DDE600A859FB /* LaunchScreen.storyboard */,
				8E3CCDB01C23DDE600A859FB /* Info.plist */,
			);
			path = Example;
			sourceTree = "<group>";
		};
		8E3CCDB61C23DEB500A859FB /* Source */ = {
			isa = PBXGroup;
			children = (
				8E3CCDB71C23DEE000A859FB /* UITextField+History.swift */,
			);
			path = Source;
			sourceTree = "<group>";
		};
/* End PBXGroup section */

/* Begin PBXNativeTarget section */
		8E3CCDA01C23DDE500A859FB /* Example */ = {
			isa = PBXNativeTarget;
			buildConfigurationList = 8E3CCDB31C23DDE600A859FB /* Build configuration list for PBXNativeTarget "Example" */;
			buildPhases = (
				8E3CCD9D1C23DDE500A859FB /* Sources */,
				8E3CCD9E1C23DDE500A859FB /* Frameworks */,
				8E3CCD9F1C23DDE500A859FB /* Resources */,
			);
			buildRules = (
			);
			dependencies = (
			);
			name = Example;
			productName = Example;
			productReference = 8E3CCDA11C23DDE600A859FB /* Example.app */;
			productType = "com.apple.product-type.application";
		};
/* End PBXNativeTarget section */

/* Begin PBXProject section */
		8E3CCD991C23DDE500A859FB /* Project object */ = {
			isa = PBXProject;
			attributes = {
				LastSwiftUpdateCheck = 0710;
				LastUpgradeCheck = 0710;
				ORGANIZATIONNAME = morenotepad;
				TargetAttributes = {
					8E3CCDA01C23DDE500A859FB = {
						CreatedOnToolsVersion = 7.1.1;
						LastSwiftMigration = 0800;
					};
				};
			};
			buildConfigurationList = 8E3CCD9C1C23DDE500A859FB /* Build configuration list for PBXProject "Example" */;
			compatibilityVersion = "Xcode 3.2";
			developmentRegion = English;
			hasScannedForEncodings = 0;
			knownRegions = (
				en,
				Base,
			);
			mainGroup = 8E3CCD981C23DDE500A859FB;
			productRefGroup = 8E3CCDA21C23DDE600A859FB /* Products */;
			projectDirPath = "";
			projectRoot = "";
			targets = (
				8E3CCDA01C23DDE500A859FB /* Example */,
			);
		};
/* End PBXProject section */

/* Begin PBXResourcesBuildPhase section */
		8E3CCD9F1C23DDE500A859FB /* Resources */ = {
			isa = PBXResourcesBuildPhase;
			buildActionMask = 2147483647;
			files = (
				8E3CCDAF1C23DDE600A859FB /* LaunchScreen.storyboard in Resources */,
				8E3CCDAC1C23DDE600A859FB /* Assets.xcassets in Resources */,
				8E3CCDAA1C23DDE600A859FB /* Main.storyboard in Resources */,
			);
			runOnlyForDeploymentPostprocessing = 0;
		};
/* End PBXResourcesBuildPhase section */

/* Begin PBXSourcesBuildPhase section */
		8E3CCD9D1C23DDE500A859FB /* Sources */ = {
			isa = PBXSourcesBuildPhase;
			buildActionMask = 2147483647;
			files = (
				8E3CCDA71C23DDE600A859FB /* ViewController.swift in Sources */,
				8E3CCDA51C23DDE600A859FB /* AppDelegate.swift in Sources */,
				8E3CCDB81C23DEE000A859FB /* UITextField+History.swift in Sources */,
			);
			runOnlyForDeploymentPostprocessing = 0;
		};
/* End PBXSourcesBuildPhase section */

/* Begin PBXVariantGroup section */
		8E3CCDA81C23DDE600A859FB /* Main.storyboard */ = {
			isa = PBXVariantGroup;
			children = (
				8E3CCDA91C23DDE600A859FB /* Base */,
			);
			name = Main.storyboard;
			sourceTree = "<group>";
		};
		8E3CCDAD1C23DDE600A859FB /* LaunchScreen.storyboard */ = {
			isa = PBXVariantGroup;
			children = (
				8E3CCDAE1C23DDE600A859FB /* Base */,
			);
			name = LaunchScreen.storyboard;
			sourceTree = "<group>";
		};
/* End PBXVariantGroup section */

/* Begin XCBuildConfiguration section */
		8E3CCDB11C23DDE600A859FB /* Debug */ = {
			isa = XCBuildConfiguration;
			buildSettings = {
				ALWAYS_SEARCH_USER_PATHS = NO;
				CLANG_CXX_LANGUAGE_STANDARD = "gnu++0x";
				CLANG_CXX_LIBRARY = "libc++";
				CLANG_ENABLE_MODULES = YES;
				CLANG_ENABLE_OBJC_ARC = YES;
				CLANG_WARN_BOOL_CONVERSION = YES;
				CLANG_WARN_CONSTANT_CONVERSION = YES;
				CLANG_WARN_DIRECT_OBJC_ISA_USAGE = YES_ERROR;
				CLANG_WARN_EMPTY_BODY = YES;
				CLANG_WARN_ENUM_CONVERSION = YES;
				CLANG_WARN_INT_CONVERSION = YES;
				CLANG_WARN_OBJC_ROOT_CLASS = YES_ERROR;
				CLANG_WARN_UNREACHABLE_CODE = YES;
				CLANG_WARN__DUPLICATE_METHOD_MATCH = YES;
				"CODE_SIGN_IDENTITY[sdk=iphoneos*]" = "iPhone Developer";
				COPY_PHASE_STRIP = NO;
				DEBUG_INFORMATION_FORMAT = dwarf;
				ENABLE_STRICT_OBJC_MSGSEND = YES;
				ENABLE_TESTABILITY = YES;
				GCC_C_LANGUAGE_STANDARD = gnu99;
				GCC_DYNAMIC_NO_PIC = NO;
				GCC_NO_COMMON_BLOCKS = YES;
				GCC_OPTIMIZATION_LEVEL = 0;
				GCC_PREPROCESSOR_DEFINITIONS = (
					"DEBUG=1",
					"$(inherited)",
				);
				GCC_WARN_64_TO_32_BIT_CONVERSION = YES;
				GCC_WARN_ABOUT_RETURN_TYPE = YES_ERROR;
				GCC_WARN_UNDECLARED_SELECTOR = YES;
				GCC_WARN_UNINITIALIZED_AUTOS = YES_AGGRESSIVE;
				GCC_WARN_UNUSED_FUNCTION = YES;
				GCC_WARN_UNUSED_VARIABLE = YES;
				IPHONEOS_DEPLOYMENT_TARGET = 9.1;
				MTL_ENABLE_DEBUG_INFO = YES;
				ONLY_ACTIVE_ARCH = YES;
				SDKROOT = iphoneos;
				SWIFT_OPTIMIZATION_LEVEL = "-Onone";
				TARGETED_DEVICE_FAMILY = "1,2";
			};
			name = Debug;
		};
		8E3CCDB21C23DDE600A859FB /* Release */ = {
			isa = XCBuildConfiguration;
			buildSettings = {
				ALWAYS_SEARCH_USER_PATHS = NO;
				CLANG_CXX_LANGUAGE_STANDARD = "gnu++0x";
				CLANG_CXX_LIBRARY = "libc++";
				CLANG_ENABLE_MODULES = YES;
				CLANG_ENABLE_OBJC_ARC = YES;
				CLANG_WARN_BOOL_CONVERSION = YES;
				CLANG_WARN_CONSTANT_CONVERSION = YES;
				CLANG_WARN_DIRECT_OBJC_ISA_USAGE = YES_ERROR;
				CLANG_WARN_EMPTY_BODY = YES;
				CLANG_WARN_ENUM_CONVERSION = YES;
				CLANG_WARN_INT_CONVERSION = YES;
				CLANG_WARN_OBJC_ROOT_CLASS = YES_ERROR;
				CLANG_WARN_UNREACHABLE_CODE = YES;
				CLANG_WARN__DUPLICATE_METHOD_MATCH = YES;
				"CODE_SIGN_IDENTITY[sdk=iphoneos*]" = "iPhone Developer";
				COPY_PHASE_STRIP = NO;
				DEBUG_INFORMATION_FORMAT = "dwarf-with-dsym";
				ENABLE_NS_ASSERTIONS = NO;
				ENABLE_STRICT_OBJC_MSGSEND = YES;
				GCC_C_LANGUAGE_STANDARD = gnu99;
				GCC_NO_COMMON_BLOCKS = YES;
				GCC_WARN_64_TO_32_BIT_CONVERSION = YES;
				GCC_WARN_ABOUT_RETURN_TYPE = YES_ERROR;
				GCC_WARN_UNDECLARED_SELECTOR = YES;
				GCC_WARN_UNINITIALIZED_AUTOS = YES_AGGRESSIVE;
				GCC_WARN_UNUSED_FUNCTION = YES;
				GCC_WARN_UNUSED_VARIABLE = YES;
				IPHONEOS_DEPLOYMENT_TARGET = 9.1;
				MTL_ENABLE_DEBUG_INFO = NO;
				SDKROOT = iphoneos;
				TARGETED_DEVICE_FAMILY = "1,2";
				VALIDATE_PRODUCT = YES;
			};
			name = Release;
		};
		8E3CCDB41C23DDE600A859FB /* Debug */ = {
			isa = XCBuildConfiguration;
			buildSettings = {
				ASSETCATALOG_COMPILER_APPICON_NAME = AppIcon;
				INFOPLIST_FILE = Example/Info.plist;
				IPHONEOS_DEPLOYMENT_TARGET = 9.0;
				LD_RUNPATH_SEARCH_PATHS = "$(inherited) @executable_path/Frameworks";
				PRODUCT_BUNDLE_IDENTIFIER = com.morenotepad.Example;
				PRODUCT_NAME = "$(TARGET_NAME)";
				SWIFT_VERSION = 2.3;
			};
			name = Debug;
		};
		8E3CCDB51C23DDE600A859FB /* Release */ = {
			isa = XCBuildConfiguration;
			buildSettings = {
				ASSETCATALOG_COMPILER_APPICON_NAME = AppIcon;
				INFOPLIST_FILE = Example/Info.plist;
				IPHONEOS_DEPLOYMENT_TARGET = 9.0;
				LD_RUNPATH_SEARCH_PATHS = "$(inherited) @executable_path/Frameworks";
				PRODUCT_BUNDLE_IDENTIFIER = com.morenotepad.Example;
				PRODUCT_NAME = "$(TARGET_NAME)";
				SWIFT_VERSION = 2.3;
			};
			name = Release;
		};
/* End XCBuildConfiguration section */

/* Begin XCConfigurationList section */
		8E3CCD9C1C23DDE500A859FB /* Build configuration list for PBXProject "Example" */ = {
			isa = XCConfigurationList;
			buildConfigurations = (
				8E3CCDB11C23DDE600A859FB /* Debug */,
				8E3CCDB21C23DDE600A859FB /* Release */,
			);
			defaultConfigurationIsVisible = 0;
			defaultConfigurationName = Release;
		};
		8E3CCDB31C23DDE600A859FB /* Build configuration list for PBXNativeTarget "Example" */ = {
			isa = XCConfigurationList;
			buildConfigurations = (
				8E3CCDB41C23DDE600A859FB /* Debug */,
				8E3CCDB51C23DDE600A859FB /* Release */,
			);
			defaultConfigurationIsVisible = 0;
			defaultConfigurationName = Release;
		};
/* End XCConfigurationList section */
	};
	rootObject = 8E3CCD991C23DDE500A859FB /* Project object */;
}
